
Microsoft Visual Studio Solution File, Format Version 12.00
# Visual Studio 15
VisualStudioVersion = 15.0.27130.2024
MinimumVisualStudioVersion = 10.0.40219.1
Project("{FAE04EC0-301F-11D3-BF4B-00C04F79EFBC}") = "ControllerAction", "ControllerAction\ControllerAction.csproj", "{1EBCC41F-4EE7-44E8-AF5E-385020A57C76}"
EndProject
Global
	GlobalSection(SolutionConfigurationPlatforms) = preSolution
		Debug|Any CPU = Debug|Any CPU
		Release|Any CPU = Release|Any CPU
	EndGlobalSection
	GlobalSection(ProjectConfigurationPlatforms) = postSolution
		{1EBCC41F-4EE7-44E8-AF5E-385020A57C76}.Debug|Any CPU.ActiveCfg = Debug|Any CPU
		{1EBCC41F-4EE7-44E8-AF5E-385020A57C76}.Debug|Any CPU.Build.0 = Debug|Any CPU
		{1EBCC41F-4EE7-44E8-AF5E-385020A57C76}.Release|Any CPU.ActiveCfg = Release|Any CPU
		{1EBCC41F-4EE7-44E8-AF5E-385020A57C76}.Release|Any CPU.Build.0 = Release|Any CPU
	EndGlobalSection
	GlobalSection(SolutionProperties) = preSolution
		HideSolutionNode = FALSE
	EndGlobalSection
	GlobalSection(ExtensibilityGlobals) = postSolution
		SolutionGuid = {B7A31473-EB55-4800-89CC-B8B121B986C2}
	EndGlobalSection
EndGlobal
