
Microsoft Visual Studio Solution File, Format Version 12.00
# Visual Studio 15
VisualStudioVersion = 15.0.27130.2024
MinimumVisualStudioVersion = 10.0.40219.1
Project("{FAE04EC0-301F-11D3-BF4B-00C04F79EFBC}") = "Web_Forms", "Web_Forms\Web_Forms.csproj", "{98D7D2DB-D60F-44EA-8651-3C4759A17CCC}"
EndProject
Global
	GlobalSection(SolutionConfigurationPlatforms) = preSolution
		Debug|Any CPU = Debug|Any CPU
		Release|Any CPU = Release|Any CPU
	EndGlobalSection
	GlobalSection(ProjectConfigurationPlatforms) = postSolution
		{98D7D2DB-D60F-44EA-8651-3C4759A17CCC}.Debug|Any CPU.ActiveCfg = Debug|Any CPU
		{98D7D2DB-D60F-44EA-8651-3C4759A17CCC}.Debug|Any CPU.Build.0 = Debug|Any CPU
		{98D7D2DB-D60F-44EA-8651-3C4759A17CCC}.Release|Any CPU.ActiveCfg = Release|Any CPU
		{98D7D2DB-D60F-44EA-8651-3C4759A17CCC}.Release|Any CPU.Build.0 = Release|Any CPU
	EndGlobalSection
	GlobalSection(SolutionProperties) = preSolution
		HideSolutionNode = FALSE
	EndGlobalSection
	GlobalSection(ExtensibilityGlobals) = postSolution
		SolutionGuid = {310A6A78-6250-4535-84AF-CE6FFC942DE7}
	EndGlobalSection
EndGlobal
